
Microsoft Visual Studio Solution File, Format Version 12.00
# Visual Studio Version 16
VisualStudioVersion = 16.0.29609.76
MinimumVisualStudioVersion = 10.0.40219.1
Project("{FAE04EC0-301F-11D3-BF4B-00C04F79EFBC}") = "SingletonPattern", "SingletonPattern.csproj", "{65977571-9A9E-45D3-B543-7FA4A699ECFC}"
EndProject
Global
	GlobalSection(SolutionConfigurationPlatforms) = preSolution
		Debug|Any CPU = Debug|Any CPU
		Release|Any CPU = Release|Any CPU
	EndGlobalSection
	GlobalSection(ProjectConfigurationPlatforms) = postSolution
		{65977571-9A9E-45D3-B543-7FA4A699ECFC}.Debug|Any CPU.ActiveCfg = Debug|Any CPU
		{65977571-9A9E-45D3-B543-7FA4A699ECFC}.Debug|Any CPU.Build.0 = Debug|Any CPU
		{65977571-9A9E-45D3-B543-7FA4A699ECFC}.Release|Any CPU.ActiveCfg = Release|Any CPU
		{65977571-9A9E-45D3-B543-7FA4A699ECFC}.Release|Any CPU.Build.0 = Release|Any CPU
	EndGlobalSection
	GlobalSection(SolutionProperties) = preSolution
		HideSolutionNode = FALSE
	EndGlobalSection
	GlobalSection(ExtensibilityGlobals) = postSolution
		SolutionGuid = {F666C583-979B-4C8C-8D04-71A8D9B4F04F}
	EndGlobalSection
EndGlobal
